// !$*UTF8*$!
{
	archiveVersion = 1;
	classes = {
	};
	objectVersion = 46;
	objects = {

/* Begin PBXBuildFile section */
		1EE6AB291D03178300672510 /* TestBedViewController.m in Sources */ = {isa = PBXBuildFile; fileRef = 1EE6AB281D03178300672510 /* TestBedViewController.m */; };
		1EFF37191D004D2900D89C6E /* UIDevice+ReachAbility.m in Sources */ = {isa = PBXBuildFile; fileRef = 1EFF37181D004D2900D89C6E /* UIDevice+ReachAbility.m */; };
		4B171F721D00347B0055C585 /* Assets.xcassets in Resources */ = {isa = PBXBuildFile; fileRef = 4B171F711D00347B0055C585 /* Assets.xcassets */; };
		4B171F751D00347B0055C585 /* LaunchScreen.storyboard in Resources */ = {isa = PBXBuildFile; fileRef = 4B171F731D00347B0055C585 /* LaunchScreen.storyboard */; };
		4B171F7D1D003C8E0055C585 /* main.m in Sources */ = {isa = PBXBuildFile; fileRef = 4B171F7C1D003C8E0055C585 /* main.m */; };
/* End PBXBuildFile section */

/* Begin PBXFileReference section */
		1EE6AB281D03178300672510 /* TestBedViewController.m */ = {isa = PBXFileReference; fileEncoding = 4; lastKnownFileType = sourcecode.c.objc; path = TestBedViewController.m; sourceTree = "<group>"; };
		1EFF37161D004C9F00D89C6E /* Utility.h */ = {isa = PBXFileReference; lastKnownFileType = sourcecode.c.h; path = Utility.h; sourceTree = "<group>"; };
		1EFF37171D004D2900D89C6E /* UIDevice+ReachAbility.h */ = {isa = PBXFileReference; fileEncoding = 4; lastKnownFileType = sourcecode.c.h; name = "UIDevice+ReachAbility.h"; path = "01-ReachAbility/UIDevice+ReachAbility.h"; sourceTree = "<group>"; };
		1EFF37181D004D2900D89C6E /* UIDevice+ReachAbility.m */ = {isa = PBXFileReference; fileEncoding = 4; lastKnownFileType = sourcecode.c.objc; name = "UIDevice+ReachAbility.m"; path = "01-ReachAbility/UIDevice+ReachAbility.m"; sourceTree = "<group>"; };
		4B171F621D00347A0055C585 /* Networking-C13.app */ = {isa = PBXFileReference; explicitFileType = wrapper.application; includeInIndex = 0; path = "Networking-C13.app"; sourceTree = BUILT_PRODUCTS_DIR; };
		4B171F711D00347B0055C585 /* Assets.xcassets */ = {isa = PBXFileReference; lastKnownFileType = folder.assetcatalog; path = Assets.xcassets; sourceTree = "<group>"; };
		4B171F741D00347B0055C585 /* Base */ = {isa = PBXFileReference; lastKnownFileType = file.storyboard; name = Base; path = Base.lproj/LaunchScreen.storyboard; sourceTree = "<group>"; };
		4B171F761D00347B0055C585 /* Info.plist */ = {isa = PBXFileReference; lastKnownFileType = text.plist.xml; path = Info.plist; sourceTree = "<group>"; };
		4B171F7C1D003C8E0055C585 /* main.m */ = {isa = PBXFileReference; fileEncoding = 4; lastKnownFileType = sourcecode.c.objc; path = main.m; sourceTree = "<group>"; };
/* End PBXFileReference section */

/* Begin PBXFrameworksBuildPhase section */
		4B171F5F1D00347A0055C585 /* Frameworks */ = {
			isa = PBXFrameworksBuildPhase;
			buildActionMask = 2147483647;
			files = (
			);
			runOnlyForDeploymentPostprocessing = 0;
		};
/* End PBXFrameworksBuildPhase section */

/* Begin PBXGroup section */
		1EFF371A1D004D2F00D89C6E /* 01-ReachAbility */ = {
			isa = PBXGroup;
			children = (
				1EFF37171D004D2900D89C6E /* UIDevice+ReachAbility.h */,
				1EFF37181D004D2900D89C6E /* UIDevice+ReachAbility.m */,
			);
			name = "01-ReachAbility";
			sourceTree = "<group>";
		};
		4B171F591D00347A0055C585 = {
			isa = PBXGroup;
			children = (
				4B171F641D00347B0055C585 /* Networking-C13 */,
				4B171F631D00347A0055C585 /* Products */,
			);
			sourceTree = "<group>";
		};
		4B171F631D00347A0055C585 /* Products */ = {
			isa = PBXGroup;
			children = (
				4B171F621D00347A0055C585 /* Networking-C13.app */,
			);
			name = Products;
			sourceTree = "<group>";
		};
		4B171F641D00347B0055C585 /* Networking-C13 */ = {
			isa = PBXGroup;
			children = (
				4B171F7C1D003C8E0055C585 /* main.m */,
				1EE6AB281D03178300672510 /* TestBedViewController.m */,
				1EFF37161D004C9F00D89C6E /* Utility.h */,
				1EFF371A1D004D2F00D89C6E /* 01-ReachAbility */,
				4B171F711D00347B0055C585 /* Assets.xcassets */,
				4B171F731D00347B0055C585 /* LaunchScreen.storyboard */,
				4B171F761D00347B0055C585 /* Info.plist */,
			);
			path = "Networking-C13";
			sourceTree = "<group>";
		};
/* End PBXGroup section */

/* Begin PBXNativeTarget section */
		4B171F611D00347A0055C585 /* Networking-C13 */ = {
			isa = PBXNativeTarget;
			buildConfigurationList = 4B171F791D00347B0055C585 /* Build configuration list for PBXNativeTarget "Networking-C13" */;
			buildPhases = (
				4B171F5E1D00347A0055C585 /* Sources */,
				4B171F5F1D00347A0055C585 /* Frameworks */,
				4B171F601D00347A0055C585 /* Resources */,
			);
			buildRules = (
			);
			dependencies = (
			);
			name = "Networking-C13";
			productName = "Networking-C13";
			productReference = 4B171F621D00347A0055C585 /* Networking-C13.app */;
			productType = "com.apple.product-type.application";
		};
/* End PBXNativeTarget section */

/* Begin PBXProject section */
		4B171F5A1D00347A0055C585 /* Project object */ = {
			isa = PBXProject;
			attributes = {
				LastUpgradeCheck = 0730;
				ORGANIZATIONNAME = BobZhang;
				TargetAttributes = {
					4B171F611D00347A0055C585 = {
						CreatedOnToolsVersion = 7.3.1;
					};
				};
			};
			buildConfigurationList = 4B171F5D1D00347A0055C585 /* Build configuration list for PBXProject "Networking-C13" */;
			compatibilityVersion = "Xcode 3.2";
			developmentRegion = English;
			hasScannedForEncodings = 0;
			knownRegions = (
				en,
				Base,
			);
			mainGroup = 4B171F591D00347A0055C585;
			productRefGroup = 4B171F631D00347A0055C585 /* Products */;
			projectDirPath = "";
			projectRoot = "";
			targets = (
				4B171F611D00347A0055C585 /* Networking-C13 */,
			);
		};
/* End PBXProject section */

/* Begin PBXResourcesBuildPhase section */
		4B171F601D00347A0055C585 /* Resources */ = {
			isa = PBXResourcesBuildPhase;
			buildActionMask = 2147483647;
			files = (
				4B171F751D00347B0055C585 /* LaunchScreen.storyboard in Resources */,
				4B171F721D00347B0055C585 /* Assets.xcassets in Resources */,
			);
			runOnlyForDeploymentPostprocessing = 0;
		};
/* End PBXResourcesBuildPhase section */

/* Begin PBXSourcesBuildPhase section */
		4B171F5E1D00347A0055C585 /* Sources */ = {
			isa = PBXSourcesBuildPhase;
			buildActionMask = 2147483647;
			files = (
				1EFF37191D004D2900D89C6E /* UIDevice+ReachAbility.m in Sources */,
				4B171F7D1D003C8E0055C585 /* main.m in Sources */,
				1EE6AB291D03178300672510 /* TestBedViewController.m in Sources */,
			);
			runOnlyForDeploymentPostprocessing = 0;
		};
/* End PBXSourcesBuildPhase section */

/* Begin PBXVariantGroup section */
		4B171F731D00347B0055C585 /* LaunchScreen.storyboard */ = {
			isa = PBXVariantGroup;
			children = (
				4B171F741D00347B0055C585 /* Base */,
			);
			name = LaunchScreen.storyboard;
			sourceTree = "<group>";
		};
/* End PBXVariantGroup section */

/* Begin XCBuildConfiguration section */
		4B171F771D00347B0055C585 /* Debug */ = {
			isa = XCBuildConfiguration;
			buildSettings = {
				ALWAYS_SEARCH_USER_PATHS = NO;
				CLANG_ANALYZER_NONNULL = YES;
				CLANG_CXX_LANGUAGE_STANDARD = "gnu++0x";
				CLANG_CXX_LIBRARY = "libc++";
				CLANG_ENABLE_MODULES = YES;
				CLANG_ENABLE_OBJC_ARC = YES;
				CLANG_WARN_BOOL_CONVERSION = YES;
				CLANG_WARN_CONSTANT_CONVERSION = YES;
				CLANG_WARN_DIRECT_OBJC_ISA_USAGE = YES_ERROR;
				CLANG_WARN_EMPTY_BODY = YES;
				CLANG_WARN_ENUM_CONVERSION = YES;
				CLANG_WARN_INT_CONVERSION = YES;
				CLANG_WARN_OBJC_ROOT_CLASS = YES_ERROR;
				CLANG_WARN_UNREACHABLE_CODE = YES;
				CLANG_WARN__DUPLICATE_METHOD_MATCH = YES;
				"CODE_SIGN_IDENTITY[sdk=iphoneos*]" = "iPhone Developer";
				COPY_PHASE_STRIP = NO;
				DEBUG_INFORMATION_FORMAT = dwarf;
				ENABLE_STRICT_OBJC_MSGSEND = YES;
				ENABLE_TESTABILITY = YES;
				GCC_C_LANGUAGE_STANDARD = gnu99;
				GCC_DYNAMIC_NO_PIC = NO;
				GCC_NO_COMMON_BLOCKS = YES;
				GCC_OPTIMIZATION_LEVEL = 0;
				GCC_PREPROCESSOR_DEFINITIONS = (
					"DEBUG=1",
					"$(inherited)",
				);
				GCC_WARN_64_TO_32_BIT_CONVERSION = YES;
				GCC_WARN_ABOUT_RETURN_TYPE = YES_ERROR;
				GCC_WARN_UNDECLARED_SELECTOR = YES;
				GCC_WARN_UNINITIALIZED_AUTOS = YES_AGGRESSIVE;
				GCC_WARN_UNUSED_FUNCTION = YES;
				GCC_WARN_UNUSED_VARIABLE = YES;
				IPHONEOS_DEPLOYMENT_TARGET = 9.3;
				MTL_ENABLE_DEBUG_INFO = YES;
				ONLY_ACTIVE_ARCH = YES;
				SDKROOT = iphoneos;
				TARGETED_DEVICE_FAMILY = "1,2";
			};
			name = Debug;
		};
		4B171F781D00347B0055C585 /* Release */ = {
			isa = XCBuildConfiguration;
			buildSettings = {
				ALWAYS_SEARCH_USER_PATHS = NO;
				CLANG_ANALYZER_NONNULL = YES;
				CLANG_CXX_LANGUAGE_STANDARD = "gnu++0x";
				CLANG_CXX_LIBRARY = "libc++";
				CLANG_ENABLE_MODULES = YES;
				CLANG_ENABLE_OBJC_ARC = YES;
				CLANG_WARN_BOOL_CONVERSION = YES;
				CLANG_WARN_CONSTANT_CONVERSION = YES;
				CLANG_WARN_DIRECT_OBJC_ISA_USAGE = YES_ERROR;
				CLANG_WARN_EMPTY_BODY = YES;
				CLANG_WARN_ENUM_CONVERSION = YES;
				CLANG_WARN_INT_CONVERSION = YES;
				CLANG_WARN_OBJC_ROOT_CLASS = YES_ERROR;
				CLANG_WARN_UNREACHABLE_CODE = YES;
				CLANG_WARN__DUPLICATE_METHOD_MATCH = YES;
				"CODE_SIGN_IDENTITY[sdk=iphoneos*]" = "iPhone Developer";
				COPY_PHASE_STRIP = NO;
				DEBUG_INFORMATION_FORMAT = "dwarf-with-dsym";
				ENABLE_NS_ASSERTIONS = NO;
				ENABLE_STRICT_OBJC_MSGSEND = YES;
				GCC_C_LANGUAGE_STANDARD = gnu99;
				GCC_NO_COMMON_BLOCKS = YES;
				GCC_WARN_64_TO_32_BIT_CONVERSION = YES;
				GCC_WARN_ABOUT_RETURN_TYPE = YES_ERROR;
				GCC_WARN_UNDECLARED_SELECTOR = YES;
				GCC_WARN_UNINITIALIZED_AUTOS = YES_AGGRESSIVE;
				GCC_WARN_UNUSED_FUNCTION = YES;
				GCC_WARN_UNUSED_VARIABLE = YES;
				IPHONEOS_DEPLOYMENT_TARGET = 9.3;
				MTL_ENABLE_DEBUG_INFO = NO;
				SDKROOT = iphoneos;
				TARGETED_DEVICE_FAMILY = "1,2";
				VALIDATE_PRODUCT = YES;
			};
			name = Release;
		};
		4B171F7A1D00347B0055C585 /* Debug */ = {
			isa = XCBuildConfiguration;
			buildSettings = {
				ASSETCATALOG_COMPILER_APPICON_NAME = AppIcon;
				INFOPLIST_FILE = "Networking-C13/Info.plist";
				IPHONEOS_DEPLOYMENT_TARGET = 8.0;
				LD_RUNPATH_SEARCH_PATHS = "$(inherited) @executable_path/Frameworks";
				PRODUCT_BUNDLE_IDENTIFIER = "com.BobZhang.Networking-C13";
				PRODUCT_NAME = "$(TARGET_NAME)";
			};
			name = Debug;
		};
		4B171F7B1D00347B0055C585 /* Release */ = {
			isa = XCBuildConfiguration;
			buildSettings = {
				ASSETCATALOG_COMPILER_APPICON_NAME = AppIcon;
				INFOPLIST_FILE = "Networking-C13/Info.plist";
				IPHONEOS_DEPLOYMENT_TARGET = 8.0;
				LD_RUNPATH_SEARCH_PATHS = "$(inherited) @executable_path/Frameworks";
				PRODUCT_BUNDLE_IDENTIFIER = "com.BobZhang.Networking-C13";
				PRODUCT_NAME = "$(TARGET_NAME)";
			};
			name = Release;
		};
/* End XCBuildConfiguration section */

/* Begin XCConfigurationList section */
		4B171F5D1D00347A0055C585 /* Build configuration list for PBXProject "Networking-C13" */ = {
			isa = XCConfigurationList;
			buildConfigurations = (
				4B171F771D00347B0055C585 /* Debug */,
				4B171F781D00347B0055C585 /* Release */,
			);
			defaultConfigurationIsVisible = 0;
			defaultConfigurationName = Release;
		};
		4B171F791D00347B0055C585 /* Build configuration list for PBXNativeTarget "Networking-C13" */ = {
			isa = XCConfigurationList;
			buildConfigurations = (
				4B171F7A1D00347B0055C585 /* Debug */,
				4B171F7B1D00347B0055C585 /* Release */,
			);
			defaultConfigurationIsVisible = 0;
			defaultConfigurationName = Release;
		};
/* End XCConfigurationList section */
	};
	rootObject = 4B171F5A1D00347A0055C585 /* Project object */;
}
